
Microsoft Visual Studio Solution File, Format Version 12.00
# Visual Studio Version 17
VisualStudioVersion = 17.3.32901.215
MinimumVisualStudioVersion = 10.0.40219.1
Project("{8BC9CEB8-8B4A-11D0-8D11-00A0C91BC942}") = "OpenCvTp2", "OpenCvTp2\OpenCvTp2.vcxproj", "{B0CC6094-129F-474C-A5AE-F59F64961D32}"
EndProject
Global
	GlobalSection(SolutionConfigurationPlatforms) = preSolution
		Debug|x64 = Debug|x64
		Debug|x86 = Debug|x86
		Release|x64 = Release|x64
		Release|x86 = Release|x86
	EndGlobalSection
	GlobalSection(ProjectConfigurationPlatforms) = postSolution
		{B0CC6094-129F-474C-A5AE-F59F64961D32}.Debug|x64.ActiveCfg = Debug|x64
		{B0CC6094-129F-474C-A5AE-F59F64961D32}.Debug|x64.Build.0 = Debug|x64
		{B0CC6094-129F-474C-A5AE-F59F64961D32}.Debug|x86.ActiveCfg = Debug|Win32
		{B0CC6094-129F-474C-A5AE-F59F64961D32}.Debug|x86.Build.0 = Debug|Win32
		{B0CC6094-129F-474C-A5AE-F59F64961D32}.Release|x64.ActiveCfg = Release|x64
		{B0CC6094-129F-474C-A5AE-F59F64961D32}.Release|x64.Build.0 = Release|x64
		{B0CC6094-129F-474C-A5AE-F59F64961D32}.Release|x86.ActiveCfg = Release|Win32
		{B0CC6094-129F-474C-A5AE-F59F64961D32}.Release|x86.Build.0 = Release|Win32
	EndGlobalSection
	GlobalSection(SolutionProperties) = preSolution
		HideSolutionNode = FALSE
	EndGlobalSection
	GlobalSection(ExtensibilityGlobals) = postSolution
		SolutionGuid = {671E9693-6C2E-4390-B418-5D07503EA5FD}
	EndGlobalSection
EndGlobal
